Microsoft Visual Studio Solution File, Format Version 12.00
# Visual Studio Version 17
VisualStudioVersion = 17.5.2.0
MinimumVisualStudioVersion = 10.0.40219.1
Project("{FAE04EC0-301F-11D3-BF4B-00C04F79EFBC}") = "01 - Bootcamp DIO - C# e .Net - 111 hours", "01 - Bootcamp DIO - C# e .Net - 111 hours.csproj", "{106EBB8D-D0AA-19E8-69B7-BAE06BFD2CE2}"
EndProject
Global
	GlobalSection(SolutionConfigurationPlatforms) = preSolution
		Debug|Any CPU = Debug|Any CPU
		Release|Any CPU = Release|Any CPU
	EndGlobalSection
	GlobalSection(ProjectConfigurationPlatforms) = postSolution
		{106EBB8D-D0AA-19E8-69B7-BAE06BFD2CE2}.Debug|Any CPU.ActiveCfg = Debug|Any CPU
		{106EBB8D-D0AA-19E8-69B7-BAE06BFD2CE2}.Debug|Any CPU.Build.0 = Debug|Any CPU
		{106EBB8D-D0AA-19E8-69B7-BAE06BFD2CE2}.Release|Any CPU.ActiveCfg = Release|Any CPU
		{106EBB8D-D0AA-19E8-69B7-BAE06BFD2CE2}.Release|Any CPU.Build.0 = Release|Any CPU
	EndGlobalSection
	GlobalSection(SolutionProperties) = preSolution
		HideSolutionNode = FALSE
	EndGlobalSection
	GlobalSection(ExtensibilityGlobals) = postSolution
		SolutionGuid = {973608B3-C340-4263-946C-768875F3ADF2}
	EndGlobalSection
EndGlobal
